
Microsoft Visual Studio Solution File, Format Version 12.00
# Visual Studio Version 17
VisualStudioVersion = 17.3.32901.215
MinimumVisualStudioVersion = 10.0.40219.1
Project("{2150E333-8FDC-42A3-9474-1A3956D46DE8}") = "00_Background", "00_Background", "{99F69C48-5EE0-4703-B530-7C7A5DFCBDFF}"
EndProject
Project("{9A19103F-16F7-4668-BE54-9A1E7A4F7556}") = "01_ManualTask", "Background\ManualTask\01_ManualTask.csproj", "{E744DF05-760B-45B2-B840-A4A1CBD102C0}"
EndProject
Project("{9A19103F-16F7-4668-BE54-9A1E7A4F7556}") = "03_AbstractFactoryFor_01", "Background\AbstractFactory\03_AbstractFactoryFor_01.csproj", "{87B629EE-C881-4750-90C2-D13275253654}"
EndProject
Project("{9A19103F-16F7-4668-BE54-9A1E7A4F7556}") = "04_FactoryMethod", "Background\FactoryMethod\04_FactoryMethod.csproj", "{4A394483-E4E2-4FF2-B8AB-BCDBCFEC9A73}"
EndProject
Project("{9A19103F-16F7-4668-BE54-9A1E7A4F7556}") = "02_ManualTaskEx", "Background\ManualTaskEx\02_ManualTaskEx.csproj", "{22E8DF53-4ACE-4E7C-8669-644F2D3EEB06}"
EndProject
Project("{2150E333-8FDC-42A3-9474-1A3956D46DE8}") = "01_TAP", "01_TAP", "{710921A8-7F55-4844-9D04-D601737858D8}"
EndProject
Project("{9A19103F-16F7-4668-BE54-9A1E7A4F7556}") = "01_SimpleTask", "Tap\SimpleTask\01_SimpleTask.csproj", "{4626EE2F-E95F-4D16-9C22-B07B3811AE27}"
EndProject
Project("{9A19103F-16F7-4668-BE54-9A1E7A4F7556}") = "02_SimpleTaskWithResult", "Tap\SimpleTaskWithResult\02_SimpleTaskWithResult.csproj", "{AA60C0D4-A065-4334-8517-43224D8C0324}"
EndProject
Project("{9A19103F-16F7-4668-BE54-9A1E7A4F7556}") = "04_Status", "Tap\Status\04_Status.csproj", "{30FF4378-A299-4879-BFD1-29E02DF74FAE}"
EndProject
Project("{9A19103F-16F7-4668-BE54-9A1E7A4F7556}") = "03_CreationOptions", "Tap\CreationOptions\03_CreationOptions.csproj", "{608D28F6-CED4-4315-AF7D-E193FEE72066}"
EndProject
Project("{9A19103F-16F7-4668-BE54-9A1E7A4F7556}") = "06_02_ClosureLambda", "Background\ClosureFor06\06_02_ClosureLambda.csproj", "{2AB77D66-A5EA-4DB3-9D65-5C0DE352A19C}"
EndProject
Project("{9A19103F-16F7-4668-BE54-9A1E7A4F7556}") = "06_03_ClosureParam", "Background\ClosureParam\06_03_ClosureParam.csproj", "{FD03E42F-B492-47A5-82B1-7FFF3D6F9BEF}"
EndProject
Project("{9A19103F-16F7-4668-BE54-9A1E7A4F7556}") = "06_01_ClosureFunkFor_01_06", "Background\ClosureLambda\06_01_ClosureFunkFor_01_06.csproj", "{07FC5CEA-40C8-4792-BA5D-AD62641F8688}"
EndProject
Project("{9A19103F-16F7-4668-BE54-9A1E7A4F7556}") = "05_DeadlockFor_01_05", "Background\Deadlock\05_DeadlockFor_01_05.csproj", "{B22AC16B-686C-4C9A-A569-1DB7041C6D63}"
EndProject
Project("{9A19103F-16F7-4668-BE54-9A1E7A4F7556}") = "05_Wait", "Tap\Wait\05_Wait.csproj", "{C93D13BD-C6A5-441C-9413-D671DF8DD7CB}"
EndProject
Project("{9A19103F-16F7-4668-BE54-9A1E7A4F7556}") = "06_Params", "Tap\Params\06_Params.csproj", "{474BC4CC-5C1E-4E42-A020-2579480166AB}"
EndProject
Project("{9A19103F-16F7-4668-BE54-9A1E7A4F7556}") = "07_01_Continuation", "Tap\Continuation\07_01_Continuation.csproj", "{EC5A940B-E786-4DBC-95F8-CCFD159E998A}"
EndProject
Project("{9A19103F-16F7-4668-BE54-9A1E7A4F7556}") = "07_02_ContinuationEx", "Tap\ContinuationEx\07_02_ContinuationEx.csproj", "{14B570B2-8816-4CC9-B722-F65E84B8CE55}"
EndProject
Project("{9A19103F-16F7-4668-BE54-9A1E7A4F7556}") = "07_03_MultiContinuation", "Tap\MultiContinuation\07_03_MultiContinuation.csproj", "{34B93454-38A7-40EB-B3A6-DA0B4E086088}"
EndProject
Project("{9A19103F-16F7-4668-BE54-9A1E7A4F7556}") = "07_04_ContinueWhenAnyAll", "Tap\ContinueWhenAnyAll\07_04_ContinueWhenAnyAll.csproj", "{600554D3-E1A4-4766-93C4-3B139A06F06A}"
EndProject
Project("{9A19103F-16F7-4668-BE54-9A1E7A4F7556}") = "07_05_ContinuationOptions", "Tap\ContinuationOptions\07_05_ContinuationOptions.csproj", "{EAB7EA12-E2F8-47F3-8C4E-1FA3EAE92AE9}"
EndProject
Project("{2150E333-8FDC-42A3-9474-1A3956D46DE8}") = "02_TaskSchedulers", "02_TaskSchedulers", "{9A1912AA-4C25-4AFE-8843-F2DFD697BA9F}"
EndProject
Project("{9A19103F-16F7-4668-BE54-9A1E7A4F7556}") = "01_TaskSchedulers", "TaskSchedulers\TaskSchedulers\01_TaskSchedulers.csproj", "{DECCFE16-1621-4112-96E2-26763546809C}"
EndProject
Global
	GlobalSection(SolutionConfigurationPlatforms) = preSolution
		Debug|Any CPU = Debug|Any CPU
		Release|Any CPU = Release|Any CPU
	EndGlobalSection
	GlobalSection(ProjectConfigurationPlatforms) = postSolution
		{E744DF05-760B-45B2-B840-A4A1CBD102C0}.Debug|Any CPU.ActiveCfg = Debug|Any CPU
		{E744DF05-760B-45B2-B840-A4A1CBD102C0}.Debug|Any CPU.Build.0 = Debug|Any CPU
		{E744DF05-760B-45B2-B840-A4A1CBD102C0}.Release|Any CPU.ActiveCfg = Release|Any CPU
		{E744DF05-760B-45B2-B840-A4A1CBD102C0}.Release|Any CPU.Build.0 = Release|Any CPU
		{87B629EE-C881-4750-90C2-D13275253654}.Debug|Any CPU.ActiveCfg = Debug|Any CPU
		{87B629EE-C881-4750-90C2-D13275253654}.Debug|Any CPU.Build.0 = Debug|Any CPU
		{87B629EE-C881-4750-90C2-D13275253654}.Release|Any CPU.ActiveCfg = Release|Any CPU
		{87B629EE-C881-4750-90C2-D13275253654}.Release|Any CPU.Build.0 = Release|Any CPU
		{4A394483-E4E2-4FF2-B8AB-BCDBCFEC9A73}.Debug|Any CPU.ActiveCfg = Debug|Any CPU
		{4A394483-E4E2-4FF2-B8AB-BCDBCFEC9A73}.Debug|Any CPU.Build.0 = Debug|Any CPU
		{4A394483-E4E2-4FF2-B8AB-BCDBCFEC9A73}.Release|Any CPU.ActiveCfg = Release|Any CPU
		{4A394483-E4E2-4FF2-B8AB-BCDBCFEC9A73}.Release|Any CPU.Build.0 = Release|Any CPU
		{22E8DF53-4ACE-4E7C-8669-644F2D3EEB06}.Debug|Any CPU.ActiveCfg = Debug|Any CPU
		{22E8DF53-4ACE-4E7C-8669-644F2D3EEB06}.Debug|Any CPU.Build.0 = Debug|Any CPU
		{22E8DF53-4ACE-4E7C-8669-644F2D3EEB06}.Release|Any CPU.ActiveCfg = Release|Any CPU
		{22E8DF53-4ACE-4E7C-8669-644F2D3EEB06}.Release|Any CPU.Build.0 = Release|Any CPU
		{4626EE2F-E95F-4D16-9C22-B07B3811AE27}.Debug|Any CPU.ActiveCfg = Debug|Any CPU
		{4626EE2F-E95F-4D16-9C22-B07B3811AE27}.Debug|Any CPU.Build.0 = Debug|Any CPU
		{4626EE2F-E95F-4D16-9C22-B07B3811AE27}.Release|Any CPU.ActiveCfg = Release|Any CPU
		{4626EE2F-E95F-4D16-9C22-B07B3811AE27}.Release|Any CPU.Build.0 = Release|Any CPU
		{AA60C0D4-A065-4334-8517-43224D8C0324}.Debug|Any CPU.ActiveCfg = Debug|Any CPU
		{AA60C0D4-A065-4334-8517-43224D8C0324}.Debug|Any CPU.Build.0 = Debug|Any CPU
		{AA60C0D4-A065-4334-8517-43224D8C0324}.Release|Any CPU.ActiveCfg = Release|Any CPU
		{AA60C0D4-A065-4334-8517-43224D8C0324}.Release|Any CPU.Build.0 = Release|Any CPU
		{30FF4378-A299-4879-BFD1-29E02DF74FAE}.Debug|Any CPU.ActiveCfg = Debug|Any CPU
		{30FF4378-A299-4879-BFD1-29E02DF74FAE}.Debug|Any CPU.Build.0 = Debug|Any CPU
		{30FF4378-A299-4879-BFD1-29E02DF74FAE}.Release|Any CPU.ActiveCfg = Release|Any CPU
		{30FF4378-A299-4879-BFD1-29E02DF74FAE}.Release|Any CPU.Build.0 = Release|Any CPU
		{608D28F6-CED4-4315-AF7D-E193FEE72066}.Debug|Any CPU.ActiveCfg = Debug|Any CPU
		{608D28F6-CED4-4315-AF7D-E193FEE72066}.Debug|Any CPU.Build.0 = Debug|Any CPU
		{608D28F6-CED4-4315-AF7D-E193FEE72066}.Release|Any CPU.ActiveCfg = Release|Any CPU
		{608D28F6-CED4-4315-AF7D-E193FEE72066}.Release|Any CPU.Build.0 = Release|Any CPU
		{2AB77D66-A5EA-4DB3-9D65-5C0DE352A19C}.Debug|Any CPU.ActiveCfg = Debug|Any CPU
		{2AB77D66-A5EA-4DB3-9D65-5C0DE352A19C}.Debug|Any CPU.Build.0 = Debug|Any CPU
		{2AB77D66-A5EA-4DB3-9D65-5C0DE352A19C}.Release|Any CPU.ActiveCfg = Release|Any CPU
		{2AB77D66-A5EA-4DB3-9D65-5C0DE352A19C}.Release|Any CPU.Build.0 = Release|Any CPU
		{FD03E42F-B492-47A5-82B1-7FFF3D6F9BEF}.Debug|Any CPU.ActiveCfg = Debug|Any CPU
		{FD03E42F-B492-47A5-82B1-7FFF3D6F9BEF}.Debug|Any CPU.Build.0 = Debug|Any CPU
		{FD03E42F-B492-47A5-82B1-7FFF3D6F9BEF}.Release|Any CPU.ActiveCfg = Release|Any CPU
		{FD03E42F-B492-47A5-82B1-7FFF3D6F9BEF}.Release|Any CPU.Build.0 = Release|Any CPU
		{07FC5CEA-40C8-4792-BA5D-AD62641F8688}.Debug|Any CPU.ActiveCfg = Debug|Any CPU
		{07FC5CEA-40C8-4792-BA5D-AD62641F8688}.Debug|Any CPU.Build.0 = Debug|Any CPU
		{07FC5CEA-40C8-4792-BA5D-AD62641F8688}.Release|Any CPU.ActiveCfg = Release|Any CPU
		{07FC5CEA-40C8-4792-BA5D-AD62641F8688}.Release|Any CPU.Build.0 = Release|Any CPU
		{B22AC16B-686C-4C9A-A569-1DB7041C6D63}.Debug|Any CPU.ActiveCfg = Debug|Any CPU
		{B22AC16B-686C-4C9A-A569-1DB7041C6D63}.Debug|Any CPU.Build.0 = Debug|Any CPU
		{B22AC16B-686C-4C9A-A569-1DB7041C6D63}.Release|Any CPU.ActiveCfg = Release|Any CPU
		{B22AC16B-686C-4C9A-A569-1DB7041C6D63}.Release|Any CPU.Build.0 = Release|Any CPU
		{C93D13BD-C6A5-441C-9413-D671DF8DD7CB}.Debug|Any CPU.ActiveCfg = Debug|Any CPU
		{C93D13BD-C6A5-441C-9413-D671DF8DD7CB}.Debug|Any CPU.Build.0 = Debug|Any CPU
		{C93D13BD-C6A5-441C-9413-D671DF8DD7CB}.Release|Any CPU.ActiveCfg = Release|Any CPU
		{C93D13BD-C6A5-441C-9413-D671DF8DD7CB}.Release|Any CPU.Build.0 = Release|Any CPU
		{474BC4CC-5C1E-4E42-A020-2579480166AB}.Debug|Any CPU.ActiveCfg = Debug|Any CPU
		{474BC4CC-5C1E-4E42-A020-2579480166AB}.Debug|Any CPU.Build.0 = Debug|Any CPU
		{474BC4CC-5C1E-4E42-A020-2579480166AB}.Release|Any CPU.ActiveCfg = Release|Any CPU
		{474BC4CC-5C1E-4E42-A020-2579480166AB}.Release|Any CPU.Build.0 = Release|Any CPU
		{EC5A940B-E786-4DBC-95F8-CCFD159E998A}.Debug|Any CPU.ActiveCfg = Debug|Any CPU
		{EC5A940B-E786-4DBC-95F8-CCFD159E998A}.Debug|Any CPU.Build.0 = Debug|Any CPU
		{EC5A940B-E786-4DBC-95F8-CCFD159E998A}.Release|Any CPU.ActiveCfg = Release|Any CPU
		{EC5A940B-E786-4DBC-95F8-CCFD159E998A}.Release|Any CPU.Build.0 = Release|Any CPU
		{14B570B2-8816-4CC9-B722-F65E84B8CE55}.Debug|Any CPU.ActiveCfg = Debug|Any CPU
		{14B570B2-8816-4CC9-B722-F65E84B8CE55}.Debug|Any CPU.Build.0 = Debug|Any CPU
		{14B570B2-8816-4CC9-B722-F65E84B8CE55}.Release|Any CPU.ActiveCfg = Release|Any CPU
		{14B570B2-8816-4CC9-B722-F65E84B8CE55}.Release|Any CPU.Build.0 = Release|Any CPU
		{34B93454-38A7-40EB-B3A6-DA0B4E086088}.Debug|Any CPU.ActiveCfg = Debug|Any CPU
		{34B93454-38A7-40EB-B3A6-DA0B4E086088}.Debug|Any CPU.Build.0 = Debug|Any CPU
		{34B93454-38A7-40EB-B3A6-DA0B4E086088}.Release|Any CPU.ActiveCfg = Release|Any CPU
		{34B93454-38A7-40EB-B3A6-DA0B4E086088}.Release|Any CPU.Build.0 = Release|Any CPU
		{600554D3-E1A4-4766-93C4-3B139A06F06A}.Debug|Any CPU.ActiveCfg = Debug|Any CPU
		{600554D3-E1A4-4766-93C4-3B139A06F06A}.Debug|Any CPU.Build.0 = Debug|Any CPU
		{600554D3-E1A4-4766-93C4-3B139A06F06A}.Release|Any CPU.ActiveCfg = Release|Any CPU
		{600554D3-E1A4-4766-93C4-3B139A06F06A}.Release|Any CPU.Build.0 = Release|Any CPU
		{EAB7EA12-E2F8-47F3-8C4E-1FA3EAE92AE9}.Debug|Any CPU.ActiveCfg = Debug|Any CPU
		{EAB7EA12-E2F8-47F3-8C4E-1FA3EAE92AE9}.Debug|Any CPU.Build.0 = Debug|Any CPU
		{EAB7EA12-E2F8-47F3-8C4E-1FA3EAE92AE9}.Release|Any CPU.ActiveCfg = Release|Any CPU
		{EAB7EA12-E2F8-47F3-8C4E-1FA3EAE92AE9}.Release|Any CPU.Build.0 = Release|Any CPU
		{DECCFE16-1621-4112-96E2-26763546809C}.Debug|Any CPU.ActiveCfg = Debug|Any CPU
		{DECCFE16-1621-4112-96E2-26763546809C}.Debug|Any CPU.Build.0 = Debug|Any CPU
		{DECCFE16-1621-4112-96E2-26763546809C}.Release|Any CPU.ActiveCfg = Release|Any CPU
		{DECCFE16-1621-4112-96E2-26763546809C}.Release|Any CPU.Build.0 = Release|Any CPU
	EndGlobalSection
	GlobalSection(SolutionProperties) = preSolution
		HideSolutionNode = FALSE
	EndGlobalSection
	GlobalSection(NestedProjects) = preSolution
		{E744DF05-760B-45B2-B840-A4A1CBD102C0} = {99F69C48-5EE0-4703-B530-7C7A5DFCBDFF}
		{87B629EE-C881-4750-90C2-D13275253654} = {99F69C48-5EE0-4703-B530-7C7A5DFCBDFF}
		{4A394483-E4E2-4FF2-B8AB-BCDBCFEC9A73} = {99F69C48-5EE0-4703-B530-7C7A5DFCBDFF}
		{22E8DF53-4ACE-4E7C-8669-644F2D3EEB06} = {99F69C48-5EE0-4703-B530-7C7A5DFCBDFF}
		{4626EE2F-E95F-4D16-9C22-B07B3811AE27} = {710921A8-7F55-4844-9D04-D601737858D8}
		{AA60C0D4-A065-4334-8517-43224D8C0324} = {710921A8-7F55-4844-9D04-D601737858D8}
		{30FF4378-A299-4879-BFD1-29E02DF74FAE} = {710921A8-7F55-4844-9D04-D601737858D8}
		{608D28F6-CED4-4315-AF7D-E193FEE72066} = {710921A8-7F55-4844-9D04-D601737858D8}
		{2AB77D66-A5EA-4DB3-9D65-5C0DE352A19C} = {99F69C48-5EE0-4703-B530-7C7A5DFCBDFF}
		{FD03E42F-B492-47A5-82B1-7FFF3D6F9BEF} = {99F69C48-5EE0-4703-B530-7C7A5DFCBDFF}
		{07FC5CEA-40C8-4792-BA5D-AD62641F8688} = {99F69C48-5EE0-4703-B530-7C7A5DFCBDFF}
		{B22AC16B-686C-4C9A-A569-1DB7041C6D63} = {99F69C48-5EE0-4703-B530-7C7A5DFCBDFF}
		{C93D13BD-C6A5-441C-9413-D671DF8DD7CB} = {710921A8-7F55-4844-9D04-D601737858D8}
		{474BC4CC-5C1E-4E42-A020-2579480166AB} = {710921A8-7F55-4844-9D04-D601737858D8}
		{EC5A940B-E786-4DBC-95F8-CCFD159E998A} = {710921A8-7F55-4844-9D04-D601737858D8}
		{14B570B2-8816-4CC9-B722-F65E84B8CE55} = {710921A8-7F55-4844-9D04-D601737858D8}
		{34B93454-38A7-40EB-B3A6-DA0B4E086088} = {710921A8-7F55-4844-9D04-D601737858D8}
		{600554D3-E1A4-4766-93C4-3B139A06F06A} = {710921A8-7F55-4844-9D04-D601737858D8}
		{EAB7EA12-E2F8-47F3-8C4E-1FA3EAE92AE9} = {710921A8-7F55-4844-9D04-D601737858D8}
		{DECCFE16-1621-4112-96E2-26763546809C} = {9A1912AA-4C25-4AFE-8843-F2DFD697BA9F}
	EndGlobalSection
	GlobalSection(ExtensibilityGlobals) = postSolution
		SolutionGuid = {C929637C-85F0-4950-AC15-0DD75B08BCC1}
	EndGlobalSection
EndGlobal
