
Microsoft Visual Studio Solution File, Format Version 12.00
# Visual Studio Version 17
VisualStudioVersion = 17.3.32901.215
MinimumVisualStudioVersion = 10.0.40219.1
Project("{2150E333-8FDC-42A3-9474-1A3956D46DE8}") = "00_Background", "00_Background", "{99F69C48-5EE0-4703-B530-7C7A5DFCBDFF}"
EndProject
Project("{9A19103F-16F7-4668-BE54-9A1E7A4F7556}") = "01_ManualTask", "Background\ManualTask\01_ManualTask.csproj", "{E744DF05-760B-45B2-B840-A4A1CBD102C0}"
EndProject
Project("{9A19103F-16F7-4668-BE54-9A1E7A4F7556}") = "03_AbstractFactoryFor_01", "Background\AbstractFactory\03_AbstractFactoryFor_01.csproj", "{87B629EE-C881-4750-90C2-D13275253654}"
EndProject
Project("{9A19103F-16F7-4668-BE54-9A1E7A4F7556}") = "04_FactoryMethod", "Background\FactoryMethod\04_FactoryMethod.csproj", "{4A394483-E4E2-4FF2-B8AB-BCDBCFEC9A73}"
EndProject
Project("{9A19103F-16F7-4668-BE54-9A1E7A4F7556}") = "02_ManualTaskEx", "Background\ManualTaskEx\02_ManualTaskEx.csproj", "{22E8DF53-4ACE-4E7C-8669-644F2D3EEB06}"
EndProject
Project("{2150E333-8FDC-42A3-9474-1A3956D46DE8}") = "01_TAP", "01_TAP", "{710921A8-7F55-4844-9D04-D601737858D8}"
EndProject
Project("{9A19103F-16F7-4668-BE54-9A1E7A4F7556}") = "01_SimpleTask", "Tap\SimpleTask\01_SimpleTask.csproj", "{4626EE2F-E95F-4D16-9C22-B07B3811AE27}"
EndProject
Project("{9A19103F-16F7-4668-BE54-9A1E7A4F7556}") = "02_SimpleTaskWithResult", "Tap\SimpleTaskWithResult\02_SimpleTaskWithResult.csproj", "{AA60C0D4-A065-4334-8517-43224D8C0324}"
EndProject
Project("{9A19103F-16F7-4668-BE54-9A1E7A4F7556}") = "04_Status", "Tap\Status\04_Status.csproj", "{30FF4378-A299-4879-BFD1-29E02DF74FAE}"
EndProject
Project("{9A19103F-16F7-4668-BE54-9A1E7A4F7556}") = "03_CreationOptions", "Tap\CreationOptions\03_CreationOptions.csproj", "{608D28F6-CED4-4315-AF7D-E193FEE72066}"
EndProject
Project("{9A19103F-16F7-4668-BE54-9A1E7A4F7556}") = "06_02_ClosureLambda", "Background\ClosureFor06\06_02_ClosureLambda.csproj", "{2AB77D66-A5EA-4DB3-9D65-5C0DE352A19C}"
EndProject
Project("{9A19103F-16F7-4668-BE54-9A1E7A4F7556}") = "06_03_ClosureParam", "Background\ClosureParam\06_03_ClosureParam.csproj", "{FD03E42F-B492-47A5-82B1-7FFF3D6F9BEF}"
EndProject
Project("{9A19103F-16F7-4668-BE54-9A1E7A4F7556}") = "06_01_ClosureFunkFor_01_06", "Background\ClosureLambda\06_01_ClosureFunkFor_01_06.csproj", "{07FC5CEA-40C8-4792-BA5D-AD62641F8688}"
EndProject
Project("{9A19103F-16F7-4668-BE54-9A1E7A4F7556}") = "05_DeadlockFor_01_05", "Background\Deadlock\05_DeadlockFor_01_05.csproj", "{B22AC16B-686C-4C9A-A569-1DB7041C6D63}"
EndProject
Project("{9A19103F-16F7-4668-BE54-9A1E7A4F7556}") = "05_Wait", "Tap\Wait\05_Wait.csproj", "{C93D13BD-C6A5-441C-9413-D671DF8DD7CB}"
EndProject
Project("{9A19103F-16F7-4668-BE54-9A1E7A4F7556}") = "06_Params", "Tap\Params\06_Params.csproj", "{474BC4CC-5C1E-4E42-A020-2579480166AB}"
EndProject
Project("{9A19103F-16F7-4668-BE54-9A1E7A4F7556}") = "07_01_Continuation", "Tap\Continuation\07_01_Continuation.csproj", "{EC5A940B-E786-4DBC-95F8-CCFD159E998A}"
EndProject
Project("{9A19103F-16F7-4668-BE54-9A1E7A4F7556}") = "07_02_ContinuationEx", "Tap\ContinuationEx\07_02_ContinuationEx.csproj", "{14B570B2-8816-4CC9-B722-F65E84B8CE55}"
EndProject
Project("{9A19103F-16F7-4668-BE54-9A1E7A4F7556}") = "07_03_MultiContinuation", "Tap\MultiContinuation\07_03_MultiContinuation.csproj", "{34B93454-38A7-40EB-B3A6-DA0B4E086088}"
EndProject
Project("{9A19103F-16F7-4668-BE54-9A1E7A4F7556}") = "07_04_ContinueWhenAnyAll", "Tap\ContinueWhenAnyAll\07_04_ContinueWhenAnyAll.csproj", "{600554D3-E1A4-4766-93C4-3B139A06F06A}"
EndProject
Project("{9A19103F-16F7-4668-BE54-9A1E7A4F7556}") = "07_05_ContinuationOptions", "Tap\ContinuationOptions\07_05_ContinuationOptions.csproj", "{EAB7EA12-E2F8-47F3-8C4E-1FA3EAE92AE9}"
EndProject
Project("{2150E333-8FDC-42A3-9474-1A3956D46DE8}") = "02_TaskSchedulers", "02_TaskSchedulers", "{9A1912AA-4C25-4AFE-8843-F2DFD697BA9F}"
EndProject
Project("{9A19103F-16F7-4668-BE54-9A1E7A4F7556}") = "02_ThreadTaskSchedulers", "TaskSchedulers\TaskSchedulers\02_ThreadTaskSchedulers.csproj", "{DECCFE16-1621-4112-96E2-26763546809C}"
EndProject
Project("{9A19103F-16F7-4668-BE54-9A1E7A4F7556}") = "01_TaskSchedulerFunctionality", "TaskSchedulers\TaskSchedulerFunctionality\01_TaskSchedulerFunctionality.csproj", "{0421DAFB-6A5F-427A-B6E5-EE6248F7363C}"
EndProject
Project("{9A19103F-16F7-4668-BE54-9A1E7A4F7556}") = "03_LimitedConcurrencyTaskSchedulers", "TaskSchedulers\LimitedConcurrencyTaskSchedulers\03_LimitedConcurrencyTaskSchedulers.csproj", "{C5301A83-791F-45A3-BD5A-5BFBCB16BAF3}"
EndProject
Project("{9A19103F-16F7-4668-BE54-9A1E7A4F7556}") = "04_PriorityTaskSchedulers", "TaskSchedulers\PriorityTaskSchedulers\04_PriorityTaskSchedulers.csproj", "{C65F70EB-8FC8-4541-ABB9-EC3973735F08}"
EndProject
Project("{2150E333-8FDC-42A3-9474-1A3956D46DE8}") = "Trash", "Trash", "{463968F8-2ED4-4F71-9224-A9A9F6695355}"
EndProject
Project("{9A19103F-16F7-4668-BE54-9A1E7A4F7556}") = "Factorial", "Trash\Factorial\Factorial.csproj", "{B2740EBC-A846-43A2-AECD-ADA2A852B798}"
EndProject
Project("{9A19103F-16F7-4668-BE54-9A1E7A4F7556}") = "05_SynchronizationContext", "TaskSchedulers\ClickerSync\05_SynchronizationContext.csproj", "{723692FA-59CC-46EE-8438-90E0C0F9C664}"
EndProject
Project("{2150E333-8FDC-42A3-9474-1A3956D46DE8}") = "03_ChildNestedTasks", "03_ChildNestedTasks", "{B5F519F0-DE6E-48E1-A5FF-E21CA18F9406}"
	ProjectSection(SolutionItems) = preProject
		ChildTasks\ChildVsNested.png = ChildTasks\ChildVsNested.png
	EndProjectSection
EndProject
Project("{9A19103F-16F7-4668-BE54-9A1E7A4F7556}") = "02_ChildTasks", "ChildTasks\ChildTasks\02_ChildTasks.csproj", "{932EB962-4ECD-4D35-903F-E303B551193A}"
EndProject
Project("{9A19103F-16F7-4668-BE54-9A1E7A4F7556}") = "01_NestedTasks", "ChildTasks\NestedTasks\01_NestedTasks.csproj", "{D2A5EC7C-E3D0-43D0-AD20-4300E4445F28}"
EndProject
Project("{9A19103F-16F7-4668-BE54-9A1E7A4F7556}") = "03_NestedTasks", "ChildTasks\03_NestedTasks\03_NestedTasks.csproj", "{63535AF2-0FB3-43F9-A0BA-5DAC9F5024B5}"
EndProject
Project("{9A19103F-16F7-4668-BE54-9A1E7A4F7556}") = "04_ChildTasks", "ChildTasks\04_ChildTasks\04_ChildTasks.csproj", "{C5156FC0-DF86-401C-899F-07D8EE3937AA}"
EndProject
Project("{9A19103F-16F7-4668-BE54-9A1E7A4F7556}") = "05_ClildTasks", "ChildTasks\05_ClildTasks\05_ClildTasks.csproj", "{5D30E452-7362-4AC4-AFBD-298EB808A6EC}"
EndProject
Project("{2150E333-8FDC-42A3-9474-1A3956D46DE8}") = "ValueTasks", "ValueTasks", "{D9A152C2-8FC5-47E2-91C9-5E2413A29B9D}"
EndProject
Project("{9A19103F-16F7-4668-BE54-9A1E7A4F7556}") = "01_ValueTask", "Tap\ValueTasks\01_ValueTask\01_ValueTask.csproj", "{4F967A4A-B5FC-431D-AAF6-DDA2BD990DD2}"
EndProject
Project("{9A19103F-16F7-4668-BE54-9A1E7A4F7556}") = "02_ValueTask", "Tap\ValueTasks\02_ValueTask\02_ValueTask.csproj", "{C27B1D87-57AB-4DA0-A9FC-837F5EC93572}"
EndProject
Project("{9A19103F-16F7-4668-BE54-9A1E7A4F7556}") = "03_ValueTask", "Tap\ValueTasks\03_ValueTask\03_ValueTask.csproj", "{70CE942B-2311-41BF-B61E-C3A53BAF418E}"
EndProject
Project("{9A19103F-16F7-4668-BE54-9A1E7A4F7556}") = "ThreadVsPool", "Trash\ThreadVsPool\ThreadVsPool.csproj", "{4C90D3DD-0960-41BF-AD74-F3F8197EFBF5}"
EndProject
Project("{9A19103F-16F7-4668-BE54-9A1E7A4F7556}") = "OptionPreferFairness", "Trash\OptionPreferFairness\OptionPreferFairness.csproj", "{FDF8D8BD-0A63-4373-B296-8629D059C920}"
EndProject
Project("{2150E333-8FDC-42A3-9474-1A3956D46DE8}") = "04_Exceptions", "04_Exceptions", "{AA3B62A4-E800-4BEE-9835-585D5525E41C}"
EndProject
Project("{2150E333-8FDC-42A3-9474-1A3956D46DE8}") = "01_Exceptions", "01_Exceptions", "{4FDD422B-E934-4FD0-BCA9-721689A7EACC}"
	ProjectSection(SolutionItems) = preProject
		Exceptions\ExceptionHandling.png = Exceptions\ExceptionHandling.png
	EndProjectSection
EndProject
Project("{9A19103F-16F7-4668-BE54-9A1E7A4F7556}") = "01_ExceptionsInThreads", "Exceptions\ExceptionsInThreads\01_ExceptionsInThreads.csproj", "{B36D03A7-9FAD-4FB7-8AE7-662E5989E15F}"
EndProject
Project("{9A19103F-16F7-4668-BE54-9A1E7A4F7556}") = "02_TaskExceptionHandling", "Exceptions\TaskExceptionHandling\02_TaskExceptionHandling.csproj", "{EB3F979D-19EF-4FED-B1A7-463FDAE9B36E}"
EndProject
Project("{9A19103F-16F7-4668-BE54-9A1E7A4F7556}") = "03_MultiExceptions", "Exceptions\MultiExceptions\03_MultiExceptions.csproj", "{C036588A-84DC-4159-B9B3-A5A65AF9DD3F}"
EndProject
Project("{9A19103F-16F7-4668-BE54-9A1E7A4F7556}") = "AsyncAwaitException", "Exceptions\AsyncAwaitException\AsyncAwaitException.csproj", "{336EA8FB-C7F9-47F2-9201-88F3E1A3C400}"
EndProject
Project("{2150E333-8FDC-42A3-9474-1A3956D46DE8}") = "02_Cancelations", "02_Cancelations", "{F1BC19F2-BEA4-4ABB-998D-69208BDEDF5D}"
EndProject
Project("{9A19103F-16F7-4668-BE54-9A1E7A4F7556}") = "01_Cancelations", "Cancelations\Cancelations\01_Cancelations.csproj", "{0445C54F-8B91-4C3D-90A2-7F450AD45506}"
EndProject
Project("{9A19103F-16F7-4668-BE54-9A1E7A4F7556}") = "02_MultiCancelations", "Cancelations\MultiCancelations\02_MultiCancelations.csproj", "{82D40502-941F-42B9-872D-01825482565E}"
EndProject
Project("{9A19103F-16F7-4668-BE54-9A1E7A4F7556}") = "03_01_ContinuationCancelations", "Cancelations\ContinuationCancelations\03_01_ContinuationCancelations.csproj", "{44FDAF71-6BA2-4C28-810D-650D6BD3826E}"
EndProject
Project("{9A19103F-16F7-4668-BE54-9A1E7A4F7556}") = "03_02_ContinuationCancelations", "Cancelations\03_02_ContinuationCancelations\03_02_ContinuationCancelations.csproj", "{80B0EAD3-7FFA-4EAD-AE7E-CE335530DAF8}"
EndProject
Project("{9A19103F-16F7-4668-BE54-9A1E7A4F7556}") = "03_03_ContinuationCancelations", "Cancelations\03_03_ContinuationCancelations\03_03_ContinuationCancelations.csproj", "{7FC039B2-A3E6-4A8D-855D-4C3FA4537B09}"
EndProject
Project("{2150E333-8FDC-42A3-9474-1A3956D46DE8}") = "03_Deadlocks", "03_Deadlocks", "{53F1F44F-3ACF-46D4-AB15-D105D5284A89}"
EndProject
Project("{9A19103F-16F7-4668-BE54-9A1E7A4F7556}") = "01_Deadlocks", "Deadlocks\Deadlocks\01_Deadlocks.csproj", "{7295B888-B747-4F0B-9DB3-49363839F548}"
EndProject
Project("{2150E333-8FDC-42A3-9474-1A3956D46DE8}") = "05_Progress", "05_Progress", "{C2D57E62-D61F-4FF7-9E8C-D0F5C20F9EF8}"
EndProject
Project("{9A19103F-16F7-4668-BE54-9A1E7A4F7556}") = "Progress", "Progress\Progress\Progress.csproj", "{1B05BF9E-5839-47C3-A10B-DB57F5AD8BEA}"
EndProject
Global
	GlobalSection(SolutionConfigurationPlatforms) = preSolution
		Debug|Any CPU = Debug|Any CPU
		Release|Any CPU = Release|Any CPU
	EndGlobalSection
	GlobalSection(ProjectConfigurationPlatforms) = postSolution
		{E744DF05-760B-45B2-B840-A4A1CBD102C0}.Debug|Any CPU.ActiveCfg = Debug|Any CPU
		{E744DF05-760B-45B2-B840-A4A1CBD102C0}.Debug|Any CPU.Build.0 = Debug|Any CPU
		{E744DF05-760B-45B2-B840-A4A1CBD102C0}.Release|Any CPU.ActiveCfg = Release|Any CPU
		{E744DF05-760B-45B2-B840-A4A1CBD102C0}.Release|Any CPU.Build.0 = Release|Any CPU
		{87B629EE-C881-4750-90C2-D13275253654}.Debug|Any CPU.ActiveCfg = Debug|Any CPU
		{87B629EE-C881-4750-90C2-D13275253654}.Debug|Any CPU.Build.0 = Debug|Any CPU
		{87B629EE-C881-4750-90C2-D13275253654}.Release|Any CPU.ActiveCfg = Release|Any CPU
		{87B629EE-C881-4750-90C2-D13275253654}.Release|Any CPU.Build.0 = Release|Any CPU
		{4A394483-E4E2-4FF2-B8AB-BCDBCFEC9A73}.Debug|Any CPU.ActiveCfg = Debug|Any CPU
		{4A394483-E4E2-4FF2-B8AB-BCDBCFEC9A73}.Debug|Any CPU.Build.0 = Debug|Any CPU
		{4A394483-E4E2-4FF2-B8AB-BCDBCFEC9A73}.Release|Any CPU.ActiveCfg = Release|Any CPU
		{4A394483-E4E2-4FF2-B8AB-BCDBCFEC9A73}.Release|Any CPU.Build.0 = Release|Any CPU
		{22E8DF53-4ACE-4E7C-8669-644F2D3EEB06}.Debug|Any CPU.ActiveCfg = Debug|Any CPU
		{22E8DF53-4ACE-4E7C-8669-644F2D3EEB06}.Debug|Any CPU.Build.0 = Debug|Any CPU
		{22E8DF53-4ACE-4E7C-8669-644F2D3EEB06}.Release|Any CPU.ActiveCfg = Release|Any CPU
		{22E8DF53-4ACE-4E7C-8669-644F2D3EEB06}.Release|Any CPU.Build.0 = Release|Any CPU
		{4626EE2F-E95F-4D16-9C22-B07B3811AE27}.Debug|Any CPU.ActiveCfg = Debug|Any CPU
		{4626EE2F-E95F-4D16-9C22-B07B3811AE27}.Debug|Any CPU.Build.0 = Debug|Any CPU
		{4626EE2F-E95F-4D16-9C22-B07B3811AE27}.Release|Any CPU.ActiveCfg = Release|Any CPU
		{4626EE2F-E95F-4D16-9C22-B07B3811AE27}.Release|Any CPU.Build.0 = Release|Any CPU
		{AA60C0D4-A065-4334-8517-43224D8C0324}.Debug|Any CPU.ActiveCfg = Debug|Any CPU
		{AA60C0D4-A065-4334-8517-43224D8C0324}.Debug|Any CPU.Build.0 = Debug|Any CPU
		{AA60C0D4-A065-4334-8517-43224D8C0324}.Release|Any CPU.ActiveCfg = Release|Any CPU
		{AA60C0D4-A065-4334-8517-43224D8C0324}.Release|Any CPU.Build.0 = Release|Any CPU
		{30FF4378-A299-4879-BFD1-29E02DF74FAE}.Debug|Any CPU.ActiveCfg = Debug|Any CPU
		{30FF4378-A299-4879-BFD1-29E02DF74FAE}.Debug|Any CPU.Build.0 = Debug|Any CPU
		{30FF4378-A299-4879-BFD1-29E02DF74FAE}.Release|Any CPU.ActiveCfg = Release|Any CPU
		{30FF4378-A299-4879-BFD1-29E02DF74FAE}.Release|Any CPU.Build.0 = Release|Any CPU
		{608D28F6-CED4-4315-AF7D-E193FEE72066}.Debug|Any CPU.ActiveCfg = Debug|Any CPU
		{608D28F6-CED4-4315-AF7D-E193FEE72066}.Debug|Any CPU.Build.0 = Debug|Any CPU
		{608D28F6-CED4-4315-AF7D-E193FEE72066}.Release|Any CPU.ActiveCfg = Release|Any CPU
		{608D28F6-CED4-4315-AF7D-E193FEE72066}.Release|Any CPU.Build.0 = Release|Any CPU
		{2AB77D66-A5EA-4DB3-9D65-5C0DE352A19C}.Debug|Any CPU.ActiveCfg = Debug|Any CPU
		{2AB77D66-A5EA-4DB3-9D65-5C0DE352A19C}.Debug|Any CPU.Build.0 = Debug|Any CPU
		{2AB77D66-A5EA-4DB3-9D65-5C0DE352A19C}.Release|Any CPU.ActiveCfg = Release|Any CPU
		{2AB77D66-A5EA-4DB3-9D65-5C0DE352A19C}.Release|Any CPU.Build.0 = Release|Any CPU
		{FD03E42F-B492-47A5-82B1-7FFF3D6F9BEF}.Debug|Any CPU.ActiveCfg = Debug|Any CPU
		{FD03E42F-B492-47A5-82B1-7FFF3D6F9BEF}.Debug|Any CPU.Build.0 = Debug|Any CPU
		{FD03E42F-B492-47A5-82B1-7FFF3D6F9BEF}.Release|Any CPU.ActiveCfg = Release|Any CPU
		{FD03E42F-B492-47A5-82B1-7FFF3D6F9BEF}.Release|Any CPU.Build.0 = Release|Any CPU
		{07FC5CEA-40C8-4792-BA5D-AD62641F8688}.Debug|Any CPU.ActiveCfg = Debug|Any CPU
		{07FC5CEA-40C8-4792-BA5D-AD62641F8688}.Debug|Any CPU.Build.0 = Debug|Any CPU
		{07FC5CEA-40C8-4792-BA5D-AD62641F8688}.Release|Any CPU.ActiveCfg = Release|Any CPU
		{07FC5CEA-40C8-4792-BA5D-AD62641F8688}.Release|Any CPU.Build.0 = Release|Any CPU
		{B22AC16B-686C-4C9A-A569-1DB7041C6D63}.Debug|Any CPU.ActiveCfg = Debug|Any CPU
		{B22AC16B-686C-4C9A-A569-1DB7041C6D63}.Debug|Any CPU.Build.0 = Debug|Any CPU
		{B22AC16B-686C-4C9A-A569-1DB7041C6D63}.Release|Any CPU.ActiveCfg = Release|Any CPU
		{B22AC16B-686C-4C9A-A569-1DB7041C6D63}.Release|Any CPU.Build.0 = Release|Any CPU
		{C93D13BD-C6A5-441C-9413-D671DF8DD7CB}.Debug|Any CPU.ActiveCfg = Debug|Any CPU
		{C93D13BD-C6A5-441C-9413-D671DF8DD7CB}.Debug|Any CPU.Build.0 = Debug|Any CPU
		{C93D13BD-C6A5-441C-9413-D671DF8DD7CB}.Release|Any CPU.ActiveCfg = Release|Any CPU
		{C93D13BD-C6A5-441C-9413-D671DF8DD7CB}.Release|Any CPU.Build.0 = Release|Any CPU
		{474BC4CC-5C1E-4E42-A020-2579480166AB}.Debug|Any CPU.ActiveCfg = Debug|Any CPU
		{474BC4CC-5C1E-4E42-A020-2579480166AB}.Debug|Any CPU.Build.0 = Debug|Any CPU
		{474BC4CC-5C1E-4E42-A020-2579480166AB}.Release|Any CPU.ActiveCfg = Release|Any CPU
		{474BC4CC-5C1E-4E42-A020-2579480166AB}.Release|Any CPU.Build.0 = Release|Any CPU
		{EC5A940B-E786-4DBC-95F8-CCFD159E998A}.Debug|Any CPU.ActiveCfg = Debug|Any CPU
		{EC5A940B-E786-4DBC-95F8-CCFD159E998A}.Debug|Any CPU.Build.0 = Debug|Any CPU
		{EC5A940B-E786-4DBC-95F8-CCFD159E998A}.Release|Any CPU.ActiveCfg = Release|Any CPU
		{EC5A940B-E786-4DBC-95F8-CCFD159E998A}.Release|Any CPU.Build.0 = Release|Any CPU
		{14B570B2-8816-4CC9-B722-F65E84B8CE55}.Debug|Any CPU.ActiveCfg = Debug|Any CPU
		{14B570B2-8816-4CC9-B722-F65E84B8CE55}.Debug|Any CPU.Build.0 = Debug|Any CPU
		{14B570B2-8816-4CC9-B722-F65E84B8CE55}.Release|Any CPU.ActiveCfg = Release|Any CPU
		{14B570B2-8816-4CC9-B722-F65E84B8CE55}.Release|Any CPU.Build.0 = Release|Any CPU
		{34B93454-38A7-40EB-B3A6-DA0B4E086088}.Debug|Any CPU.ActiveCfg = Debug|Any CPU
		{34B93454-38A7-40EB-B3A6-DA0B4E086088}.Debug|Any CPU.Build.0 = Debug|Any CPU
		{34B93454-38A7-40EB-B3A6-DA0B4E086088}.Release|Any CPU.ActiveCfg = Release|Any CPU
		{34B93454-38A7-40EB-B3A6-DA0B4E086088}.Release|Any CPU.Build.0 = Release|Any CPU
		{600554D3-E1A4-4766-93C4-3B139A06F06A}.Debug|Any CPU.ActiveCfg = Debug|Any CPU
		{600554D3-E1A4-4766-93C4-3B139A06F06A}.Debug|Any CPU.Build.0 = Debug|Any CPU
		{600554D3-E1A4-4766-93C4-3B139A06F06A}.Release|Any CPU.ActiveCfg = Release|Any CPU
		{600554D3-E1A4-4766-93C4-3B139A06F06A}.Release|Any CPU.Build.0 = Release|Any CPU
		{EAB7EA12-E2F8-47F3-8C4E-1FA3EAE92AE9}.Debug|Any CPU.ActiveCfg = Debug|Any CPU
		{EAB7EA12-E2F8-47F3-8C4E-1FA3EAE92AE9}.Debug|Any CPU.Build.0 = Debug|Any CPU
		{EAB7EA12-E2F8-47F3-8C4E-1FA3EAE92AE9}.Release|Any CPU.ActiveCfg = Release|Any CPU
		{EAB7EA12-E2F8-47F3-8C4E-1FA3EAE92AE9}.Release|Any CPU.Build.0 = Release|Any CPU
		{DECCFE16-1621-4112-96E2-26763546809C}.Debug|Any CPU.ActiveCfg = Debug|Any CPU
		{DECCFE16-1621-4112-96E2-26763546809C}.Debug|Any CPU.Build.0 = Debug|Any CPU
		{DECCFE16-1621-4112-96E2-26763546809C}.Release|Any CPU.ActiveCfg = Release|Any CPU
		{DECCFE16-1621-4112-96E2-26763546809C}.Release|Any CPU.Build.0 = Release|Any CPU
		{0421DAFB-6A5F-427A-B6E5-EE6248F7363C}.Debug|Any CPU.ActiveCfg = Debug|Any CPU
		{0421DAFB-6A5F-427A-B6E5-EE6248F7363C}.Debug|Any CPU.Build.0 = Debug|Any CPU
		{0421DAFB-6A5F-427A-B6E5-EE6248F7363C}.Release|Any CPU.ActiveCfg = Release|Any CPU
		{0421DAFB-6A5F-427A-B6E5-EE6248F7363C}.Release|Any CPU.Build.0 = Release|Any CPU
		{C5301A83-791F-45A3-BD5A-5BFBCB16BAF3}.Debug|Any CPU.ActiveCfg = Debug|Any CPU
		{C5301A83-791F-45A3-BD5A-5BFBCB16BAF3}.Debug|Any CPU.Build.0 = Debug|Any CPU
		{C5301A83-791F-45A3-BD5A-5BFBCB16BAF3}.Release|Any CPU.ActiveCfg = Release|Any CPU
		{C5301A83-791F-45A3-BD5A-5BFBCB16BAF3}.Release|Any CPU.Build.0 = Release|Any CPU
		{C65F70EB-8FC8-4541-ABB9-EC3973735F08}.Debug|Any CPU.ActiveCfg = Debug|Any CPU
		{C65F70EB-8FC8-4541-ABB9-EC3973735F08}.Debug|Any CPU.Build.0 = Debug|Any CPU
		{C65F70EB-8FC8-4541-ABB9-EC3973735F08}.Release|Any CPU.ActiveCfg = Release|Any CPU
		{C65F70EB-8FC8-4541-ABB9-EC3973735F08}.Release|Any CPU.Build.0 = Release|Any CPU
		{B2740EBC-A846-43A2-AECD-ADA2A852B798}.Debug|Any CPU.ActiveCfg = Debug|Any CPU
		{B2740EBC-A846-43A2-AECD-ADA2A852B798}.Debug|Any CPU.Build.0 = Debug|Any CPU
		{B2740EBC-A846-43A2-AECD-ADA2A852B798}.Release|Any CPU.ActiveCfg = Release|Any CPU
		{B2740EBC-A846-43A2-AECD-ADA2A852B798}.Release|Any CPU.Build.0 = Release|Any CPU
		{723692FA-59CC-46EE-8438-90E0C0F9C664}.Debug|Any CPU.ActiveCfg = Debug|Any CPU
		{723692FA-59CC-46EE-8438-90E0C0F9C664}.Debug|Any CPU.Build.0 = Debug|Any CPU
		{723692FA-59CC-46EE-8438-90E0C0F9C664}.Release|Any CPU.ActiveCfg = Release|Any CPU
		{723692FA-59CC-46EE-8438-90E0C0F9C664}.Release|Any CPU.Build.0 = Release|Any CPU
		{932EB962-4ECD-4D35-903F-E303B551193A}.Debug|Any CPU.ActiveCfg = Debug|Any CPU
		{932EB962-4ECD-4D35-903F-E303B551193A}.Debug|Any CPU.Build.0 = Debug|Any CPU
		{932EB962-4ECD-4D35-903F-E303B551193A}.Release|Any CPU.ActiveCfg = Release|Any CPU
		{932EB962-4ECD-4D35-903F-E303B551193A}.Release|Any CPU.Build.0 = Release|Any CPU
		{D2A5EC7C-E3D0-43D0-AD20-4300E4445F28}.Debug|Any CPU.ActiveCfg = Debug|Any CPU
		{D2A5EC7C-E3D0-43D0-AD20-4300E4445F28}.Debug|Any CPU.Build.0 = Debug|Any CPU
		{D2A5EC7C-E3D0-43D0-AD20-4300E4445F28}.Release|Any CPU.ActiveCfg = Release|Any CPU
		{D2A5EC7C-E3D0-43D0-AD20-4300E4445F28}.Release|Any CPU.Build.0 = Release|Any CPU
		{63535AF2-0FB3-43F9-A0BA-5DAC9F5024B5}.Debug|Any CPU.ActiveCfg = Debug|Any CPU
		{63535AF2-0FB3-43F9-A0BA-5DAC9F5024B5}.Debug|Any CPU.Build.0 = Debug|Any CPU
		{63535AF2-0FB3-43F9-A0BA-5DAC9F5024B5}.Release|Any CPU.ActiveCfg = Release|Any CPU
		{63535AF2-0FB3-43F9-A0BA-5DAC9F5024B5}.Release|Any CPU.Build.0 = Release|Any CPU
		{C5156FC0-DF86-401C-899F-07D8EE3937AA}.Debug|Any CPU.ActiveCfg = Debug|Any CPU
		{C5156FC0-DF86-401C-899F-07D8EE3937AA}.Debug|Any CPU.Build.0 = Debug|Any CPU
		{C5156FC0-DF86-401C-899F-07D8EE3937AA}.Release|Any CPU.ActiveCfg = Release|Any CPU
		{C5156FC0-DF86-401C-899F-07D8EE3937AA}.Release|Any CPU.Build.0 = Release|Any CPU
		{5D30E452-7362-4AC4-AFBD-298EB808A6EC}.Debug|Any CPU.ActiveCfg = Debug|Any CPU
		{5D30E452-7362-4AC4-AFBD-298EB808A6EC}.Debug|Any CPU.Build.0 = Debug|Any CPU
		{5D30E452-7362-4AC4-AFBD-298EB808A6EC}.Release|Any CPU.ActiveCfg = Release|Any CPU
		{5D30E452-7362-4AC4-AFBD-298EB808A6EC}.Release|Any CPU.Build.0 = Release|Any CPU
		{4F967A4A-B5FC-431D-AAF6-DDA2BD990DD2}.Debug|Any CPU.ActiveCfg = Debug|Any CPU
		{4F967A4A-B5FC-431D-AAF6-DDA2BD990DD2}.Debug|Any CPU.Build.0 = Debug|Any CPU
		{4F967A4A-B5FC-431D-AAF6-DDA2BD990DD2}.Release|Any CPU.ActiveCfg = Release|Any CPU
		{4F967A4A-B5FC-431D-AAF6-DDA2BD990DD2}.Release|Any CPU.Build.0 = Release|Any CPU
		{C27B1D87-57AB-4DA0-A9FC-837F5EC93572}.Debug|Any CPU.ActiveCfg = Debug|Any CPU
		{C27B1D87-57AB-4DA0-A9FC-837F5EC93572}.Debug|Any CPU.Build.0 = Debug|Any CPU
		{C27B1D87-57AB-4DA0-A9FC-837F5EC93572}.Release|Any CPU.ActiveCfg = Release|Any CPU
		{C27B1D87-57AB-4DA0-A9FC-837F5EC93572}.Release|Any CPU.Build.0 = Release|Any CPU
		{70CE942B-2311-41BF-B61E-C3A53BAF418E}.Debug|Any CPU.ActiveCfg = Debug|Any CPU
		{70CE942B-2311-41BF-B61E-C3A53BAF418E}.Debug|Any CPU.Build.0 = Debug|Any CPU
		{70CE942B-2311-41BF-B61E-C3A53BAF418E}.Release|Any CPU.ActiveCfg = Release|Any CPU
		{70CE942B-2311-41BF-B61E-C3A53BAF418E}.Release|Any CPU.Build.0 = Release|Any CPU
		{4C90D3DD-0960-41BF-AD74-F3F8197EFBF5}.Debug|Any CPU.ActiveCfg = Debug|Any CPU
		{4C90D3DD-0960-41BF-AD74-F3F8197EFBF5}.Debug|Any CPU.Build.0 = Debug|Any CPU
		{4C90D3DD-0960-41BF-AD74-F3F8197EFBF5}.Release|Any CPU.ActiveCfg = Release|Any CPU
		{4C90D3DD-0960-41BF-AD74-F3F8197EFBF5}.Release|Any CPU.Build.0 = Release|Any CPU
		{FDF8D8BD-0A63-4373-B296-8629D059C920}.Debug|Any CPU.ActiveCfg = Debug|Any CPU
		{FDF8D8BD-0A63-4373-B296-8629D059C920}.Debug|Any CPU.Build.0 = Debug|Any CPU
		{FDF8D8BD-0A63-4373-B296-8629D059C920}.Release|Any CPU.ActiveCfg = Release|Any CPU
		{FDF8D8BD-0A63-4373-B296-8629D059C920}.Release|Any CPU.Build.0 = Release|Any CPU
		{B36D03A7-9FAD-4FB7-8AE7-662E5989E15F}.Debug|Any CPU.ActiveCfg = Debug|Any CPU
		{B36D03A7-9FAD-4FB7-8AE7-662E5989E15F}.Debug|Any CPU.Build.0 = Debug|Any CPU
		{B36D03A7-9FAD-4FB7-8AE7-662E5989E15F}.Release|Any CPU.ActiveCfg = Release|Any CPU
		{B36D03A7-9FAD-4FB7-8AE7-662E5989E15F}.Release|Any CPU.Build.0 = Release|Any CPU
		{EB3F979D-19EF-4FED-B1A7-463FDAE9B36E}.Debug|Any CPU.ActiveCfg = Debug|Any CPU
		{EB3F979D-19EF-4FED-B1A7-463FDAE9B36E}.Debug|Any CPU.Build.0 = Debug|Any CPU
		{EB3F979D-19EF-4FED-B1A7-463FDAE9B36E}.Release|Any CPU.ActiveCfg = Release|Any CPU
		{EB3F979D-19EF-4FED-B1A7-463FDAE9B36E}.Release|Any CPU.Build.0 = Release|Any CPU
		{C036588A-84DC-4159-B9B3-A5A65AF9DD3F}.Debug|Any CPU.ActiveCfg = Debug|Any CPU
		{C036588A-84DC-4159-B9B3-A5A65AF9DD3F}.Debug|Any CPU.Build.0 = Debug|Any CPU
		{C036588A-84DC-4159-B9B3-A5A65AF9DD3F}.Release|Any CPU.ActiveCfg = Release|Any CPU
		{C036588A-84DC-4159-B9B3-A5A65AF9DD3F}.Release|Any CPU.Build.0 = Release|Any CPU
		{336EA8FB-C7F9-47F2-9201-88F3E1A3C400}.Debug|Any CPU.ActiveCfg = Debug|Any CPU
		{336EA8FB-C7F9-47F2-9201-88F3E1A3C400}.Debug|Any CPU.Build.0 = Debug|Any CPU
		{336EA8FB-C7F9-47F2-9201-88F3E1A3C400}.Release|Any CPU.ActiveCfg = Release|Any CPU
		{336EA8FB-C7F9-47F2-9201-88F3E1A3C400}.Release|Any CPU.Build.0 = Release|Any CPU
		{0445C54F-8B91-4C3D-90A2-7F450AD45506}.Debug|Any CPU.ActiveCfg = Debug|Any CPU
		{0445C54F-8B91-4C3D-90A2-7F450AD45506}.Debug|Any CPU.Build.0 = Debug|Any CPU
		{0445C54F-8B91-4C3D-90A2-7F450AD45506}.Release|Any CPU.ActiveCfg = Release|Any CPU
		{0445C54F-8B91-4C3D-90A2-7F450AD45506}.Release|Any CPU.Build.0 = Release|Any CPU
		{82D40502-941F-42B9-872D-01825482565E}.Debug|Any CPU.ActiveCfg = Debug|Any CPU
		{82D40502-941F-42B9-872D-01825482565E}.Debug|Any CPU.Build.0 = Debug|Any CPU
		{82D40502-941F-42B9-872D-01825482565E}.Release|Any CPU.ActiveCfg = Release|Any CPU
		{82D40502-941F-42B9-872D-01825482565E}.Release|Any CPU.Build.0 = Release|Any CPU
		{44FDAF71-6BA2-4C28-810D-650D6BD3826E}.Debug|Any CPU.ActiveCfg = Debug|Any CPU
		{44FDAF71-6BA2-4C28-810D-650D6BD3826E}.Debug|Any CPU.Build.0 = Debug|Any CPU
		{44FDAF71-6BA2-4C28-810D-650D6BD3826E}.Release|Any CPU.ActiveCfg = Release|Any CPU
		{44FDAF71-6BA2-4C28-810D-650D6BD3826E}.Release|Any CPU.Build.0 = Release|Any CPU
		{80B0EAD3-7FFA-4EAD-AE7E-CE335530DAF8}.Debug|Any CPU.ActiveCfg = Debug|Any CPU
		{80B0EAD3-7FFA-4EAD-AE7E-CE335530DAF8}.Debug|Any CPU.Build.0 = Debug|Any CPU
		{80B0EAD3-7FFA-4EAD-AE7E-CE335530DAF8}.Release|Any CPU.ActiveCfg = Release|Any CPU
		{80B0EAD3-7FFA-4EAD-AE7E-CE335530DAF8}.Release|Any CPU.Build.0 = Release|Any CPU
		{7FC039B2-A3E6-4A8D-855D-4C3FA4537B09}.Debug|Any CPU.ActiveCfg = Debug|Any CPU
		{7FC039B2-A3E6-4A8D-855D-4C3FA4537B09}.Debug|Any CPU.Build.0 = Debug|Any CPU
		{7FC039B2-A3E6-4A8D-855D-4C3FA4537B09}.Release|Any CPU.ActiveCfg = Release|Any CPU
		{7FC039B2-A3E6-4A8D-855D-4C3FA4537B09}.Release|Any CPU.Build.0 = Release|Any CPU
		{7295B888-B747-4F0B-9DB3-49363839F548}.Debug|Any CPU.ActiveCfg = Debug|Any CPU
		{7295B888-B747-4F0B-9DB3-49363839F548}.Debug|Any CPU.Build.0 = Debug|Any CPU
		{7295B888-B747-4F0B-9DB3-49363839F548}.Release|Any CPU.ActiveCfg = Release|Any CPU
		{7295B888-B747-4F0B-9DB3-49363839F548}.Release|Any CPU.Build.0 = Release|Any CPU
		{1B05BF9E-5839-47C3-A10B-DB57F5AD8BEA}.Debug|Any CPU.ActiveCfg = Debug|Any CPU
		{1B05BF9E-5839-47C3-A10B-DB57F5AD8BEA}.Debug|Any CPU.Build.0 = Debug|Any CPU
		{1B05BF9E-5839-47C3-A10B-DB57F5AD8BEA}.Release|Any CPU.ActiveCfg = Release|Any CPU
		{1B05BF9E-5839-47C3-A10B-DB57F5AD8BEA}.Release|Any CPU.Build.0 = Release|Any CPU
	EndGlobalSection
	GlobalSection(SolutionProperties) = preSolution
		HideSolutionNode = FALSE
	EndGlobalSection
	GlobalSection(NestedProjects) = preSolution
		{E744DF05-760B-45B2-B840-A4A1CBD102C0} = {99F69C48-5EE0-4703-B530-7C7A5DFCBDFF}
		{87B629EE-C881-4750-90C2-D13275253654} = {99F69C48-5EE0-4703-B530-7C7A5DFCBDFF}
		{4A394483-E4E2-4FF2-B8AB-BCDBCFEC9A73} = {99F69C48-5EE0-4703-B530-7C7A5DFCBDFF}
		{22E8DF53-4ACE-4E7C-8669-644F2D3EEB06} = {99F69C48-5EE0-4703-B530-7C7A5DFCBDFF}
		{4626EE2F-E95F-4D16-9C22-B07B3811AE27} = {710921A8-7F55-4844-9D04-D601737858D8}
		{AA60C0D4-A065-4334-8517-43224D8C0324} = {710921A8-7F55-4844-9D04-D601737858D8}
		{30FF4378-A299-4879-BFD1-29E02DF74FAE} = {710921A8-7F55-4844-9D04-D601737858D8}
		{608D28F6-CED4-4315-AF7D-E193FEE72066} = {710921A8-7F55-4844-9D04-D601737858D8}
		{2AB77D66-A5EA-4DB3-9D65-5C0DE352A19C} = {99F69C48-5EE0-4703-B530-7C7A5DFCBDFF}
		{FD03E42F-B492-47A5-82B1-7FFF3D6F9BEF} = {99F69C48-5EE0-4703-B530-7C7A5DFCBDFF}
		{07FC5CEA-40C8-4792-BA5D-AD62641F8688} = {99F69C48-5EE0-4703-B530-7C7A5DFCBDFF}
		{B22AC16B-686C-4C9A-A569-1DB7041C6D63} = {99F69C48-5EE0-4703-B530-7C7A5DFCBDFF}
		{C93D13BD-C6A5-441C-9413-D671DF8DD7CB} = {710921A8-7F55-4844-9D04-D601737858D8}
		{474BC4CC-5C1E-4E42-A020-2579480166AB} = {710921A8-7F55-4844-9D04-D601737858D8}
		{EC5A940B-E786-4DBC-95F8-CCFD159E998A} = {710921A8-7F55-4844-9D04-D601737858D8}
		{14B570B2-8816-4CC9-B722-F65E84B8CE55} = {710921A8-7F55-4844-9D04-D601737858D8}
		{34B93454-38A7-40EB-B3A6-DA0B4E086088} = {710921A8-7F55-4844-9D04-D601737858D8}
		{600554D3-E1A4-4766-93C4-3B139A06F06A} = {710921A8-7F55-4844-9D04-D601737858D8}
		{EAB7EA12-E2F8-47F3-8C4E-1FA3EAE92AE9} = {710921A8-7F55-4844-9D04-D601737858D8}
		{DECCFE16-1621-4112-96E2-26763546809C} = {9A1912AA-4C25-4AFE-8843-F2DFD697BA9F}
		{0421DAFB-6A5F-427A-B6E5-EE6248F7363C} = {9A1912AA-4C25-4AFE-8843-F2DFD697BA9F}
		{C5301A83-791F-45A3-BD5A-5BFBCB16BAF3} = {9A1912AA-4C25-4AFE-8843-F2DFD697BA9F}
		{C65F70EB-8FC8-4541-ABB9-EC3973735F08} = {9A1912AA-4C25-4AFE-8843-F2DFD697BA9F}
		{B2740EBC-A846-43A2-AECD-ADA2A852B798} = {463968F8-2ED4-4F71-9224-A9A9F6695355}
		{723692FA-59CC-46EE-8438-90E0C0F9C664} = {9A1912AA-4C25-4AFE-8843-F2DFD697BA9F}
		{932EB962-4ECD-4D35-903F-E303B551193A} = {B5F519F0-DE6E-48E1-A5FF-E21CA18F9406}
		{D2A5EC7C-E3D0-43D0-AD20-4300E4445F28} = {B5F519F0-DE6E-48E1-A5FF-E21CA18F9406}
		{63535AF2-0FB3-43F9-A0BA-5DAC9F5024B5} = {B5F519F0-DE6E-48E1-A5FF-E21CA18F9406}
		{C5156FC0-DF86-401C-899F-07D8EE3937AA} = {B5F519F0-DE6E-48E1-A5FF-E21CA18F9406}
		{5D30E452-7362-4AC4-AFBD-298EB808A6EC} = {B5F519F0-DE6E-48E1-A5FF-E21CA18F9406}
		{D9A152C2-8FC5-47E2-91C9-5E2413A29B9D} = {710921A8-7F55-4844-9D04-D601737858D8}
		{4F967A4A-B5FC-431D-AAF6-DDA2BD990DD2} = {D9A152C2-8FC5-47E2-91C9-5E2413A29B9D}
		{C27B1D87-57AB-4DA0-A9FC-837F5EC93572} = {D9A152C2-8FC5-47E2-91C9-5E2413A29B9D}
		{70CE942B-2311-41BF-B61E-C3A53BAF418E} = {D9A152C2-8FC5-47E2-91C9-5E2413A29B9D}
		{4C90D3DD-0960-41BF-AD74-F3F8197EFBF5} = {463968F8-2ED4-4F71-9224-A9A9F6695355}
		{FDF8D8BD-0A63-4373-B296-8629D059C920} = {463968F8-2ED4-4F71-9224-A9A9F6695355}
		{4FDD422B-E934-4FD0-BCA9-721689A7EACC} = {AA3B62A4-E800-4BEE-9835-585D5525E41C}
		{B36D03A7-9FAD-4FB7-8AE7-662E5989E15F} = {4FDD422B-E934-4FD0-BCA9-721689A7EACC}
		{EB3F979D-19EF-4FED-B1A7-463FDAE9B36E} = {4FDD422B-E934-4FD0-BCA9-721689A7EACC}
		{C036588A-84DC-4159-B9B3-A5A65AF9DD3F} = {4FDD422B-E934-4FD0-BCA9-721689A7EACC}
		{336EA8FB-C7F9-47F2-9201-88F3E1A3C400} = {4FDD422B-E934-4FD0-BCA9-721689A7EACC}
		{F1BC19F2-BEA4-4ABB-998D-69208BDEDF5D} = {AA3B62A4-E800-4BEE-9835-585D5525E41C}
		{0445C54F-8B91-4C3D-90A2-7F450AD45506} = {F1BC19F2-BEA4-4ABB-998D-69208BDEDF5D}
		{82D40502-941F-42B9-872D-01825482565E} = {F1BC19F2-BEA4-4ABB-998D-69208BDEDF5D}
		{44FDAF71-6BA2-4C28-810D-650D6BD3826E} = {F1BC19F2-BEA4-4ABB-998D-69208BDEDF5D}
		{80B0EAD3-7FFA-4EAD-AE7E-CE335530DAF8} = {F1BC19F2-BEA4-4ABB-998D-69208BDEDF5D}
		{7FC039B2-A3E6-4A8D-855D-4C3FA4537B09} = {F1BC19F2-BEA4-4ABB-998D-69208BDEDF5D}
		{53F1F44F-3ACF-46D4-AB15-D105D5284A89} = {AA3B62A4-E800-4BEE-9835-585D5525E41C}
		{7295B888-B747-4F0B-9DB3-49363839F548} = {53F1F44F-3ACF-46D4-AB15-D105D5284A89}
		{1B05BF9E-5839-47C3-A10B-DB57F5AD8BEA} = {C2D57E62-D61F-4FF7-9E8C-D0F5C20F9EF8}
	EndGlobalSection
	GlobalSection(ExtensibilityGlobals) = postSolution
		SolutionGuid = {C929637C-85F0-4950-AC15-0DD75B08BCC1}
	EndGlobalSection
EndGlobal
